
Microsoft Visual Studio Solution File, Format Version 12.00
# Visual Studio Version 17
VisualStudioVersion = 17.14.36127.28
MinimumVisualStudioVersion = 10.0.40219.1
Project("{FAE04EC0-301F-11D3-BF4B-00C04F79EFBC}") = "TodDos.Ui", "Client\TodDos.Ui\TodDos.Ui.csproj", "{46D7457B-A7F7-43B8-B932-1724449CE977}"
EndProject
Project("{2150E333-8FDC-42A3-9474-1A3956D46DE8}") = "Server", "Server", "{02EA681E-C7D8-13C7-8484-4AC65E1B71E8}"
EndProject
Project("{2150E333-8FDC-42A3-9474-1A3956D46DE8}") = "Client", "Client", "{20D01410-5222-402E-A016-99C43F7FFAD3}"
EndProject
Project("{FAE04EC0-301F-11D3-BF4B-00C04F79EFBC}") = "ToDos.Entities", "Common\ToDos.Entities\ToDos.Entities.csproj", "{D4D5064C-4DBD-4ECD-98EA-8272FB7A5F3C}"
EndProject
Project("{FAE04EC0-301F-11D3-BF4B-00C04F79EFBC}") = "ToDos.Repository", "Server\ToDos.Repository\ToDos.Repository.csproj", "{BA65926B-7A8F-4A28-B523-221E0CCEB4CE}"
EndProject
Project("{2150E333-8FDC-42A3-9474-1A3956D46DE8}") = "Common", "Common", "{D8A99C96-2B68-4127-A60B-EF548F1BB00D}"
EndProject
Global
	GlobalSection(SolutionConfigurationPlatforms) = preSolution
		Debug|Any CPU = Debug|Any CPU
		Release|Any CPU = Release|Any CPU
	EndGlobalSection
	GlobalSection(ProjectConfigurationPlatforms) = postSolution
		{46D7457B-A7F7-43B8-B932-1724449CE977}.Debug|Any CPU.ActiveCfg = Debug|Any CPU
		{46D7457B-A7F7-43B8-B932-1724449CE977}.Debug|Any CPU.Build.0 = Debug|Any CPU
		{46D7457B-A7F7-43B8-B932-1724449CE977}.Release|Any CPU.ActiveCfg = Release|Any CPU
		{46D7457B-A7F7-43B8-B932-1724449CE977}.Release|Any CPU.Build.0 = Release|Any CPU
		{D4D5064C-4DBD-4ECD-98EA-8272FB7A5F3C}.Debug|Any CPU.ActiveCfg = Debug|Any CPU
		{D4D5064C-4DBD-4ECD-98EA-8272FB7A5F3C}.Debug|Any CPU.Build.0 = Debug|Any CPU
		{D4D5064C-4DBD-4ECD-98EA-8272FB7A5F3C}.Release|Any CPU.ActiveCfg = Release|Any CPU
		{D4D5064C-4DBD-4ECD-98EA-8272FB7A5F3C}.Release|Any CPU.Build.0 = Release|Any CPU
		{BA65926B-7A8F-4A28-B523-221E0CCEB4CE}.Debug|Any CPU.ActiveCfg = Debug|Any CPU
		{BA65926B-7A8F-4A28-B523-221E0CCEB4CE}.Debug|Any CPU.Build.0 = Debug|Any CPU
		{BA65926B-7A8F-4A28-B523-221E0CCEB4CE}.Release|Any CPU.ActiveCfg = Release|Any CPU
		{BA65926B-7A8F-4A28-B523-221E0CCEB4CE}.Release|Any CPU.Build.0 = Release|Any CPU
	EndGlobalSection
	GlobalSection(SolutionProperties) = preSolution
		HideSolutionNode = FALSE
	EndGlobalSection
	GlobalSection(NestedProjects) = preSolution
		{46D7457B-A7F7-43B8-B932-1724449CE977} = {20D01410-5222-402E-A016-99C43F7FFAD3}
		{D4D5064C-4DBD-4ECD-98EA-8272FB7A5F3C} = {D8A99C96-2B68-4127-A60B-EF548F1BB00D}
		{BA65926B-7A8F-4A28-B523-221E0CCEB4CE} = {02EA681E-C7D8-13C7-8484-4AC65E1B71E8}
	EndGlobalSection
	GlobalSection(ExtensibilityGlobals) = postSolution
		SolutionGuid = {18CAB5A8-F3C0-4162-B968-49435E091621}
	EndGlobalSection
EndGlobal
