
Microsoft Visual Studio Solution File, Format Version 12.00
# Visual Studio Version 17
VisualStudioVersion = 17.14.36127.28
MinimumVisualStudioVersion = 10.0.40219.1
Project("{FAE04EC0-301F-11D3-BF4B-00C04F79EFBC}") = "ToDos.Client.Ui", "Client\TodDos.Ui\ToDos.Client.Ui.csproj", "{46D7457B-A7F7-43B8-B932-1724449CE977}"
EndProject
Project("{2150E333-8FDC-42A3-9474-1A3956D46DE8}") = "Server", "Server", "{02EA681E-C7D8-13C7-8484-4AC65E1B71E8}"
EndProject
Project("{2150E333-8FDC-42A3-9474-1A3956D46DE8}") = "Client", "Client", "{20D01410-5222-402E-A016-99C43F7FFAD3}"
EndProject
Project("{2150E333-8FDC-42A3-9474-1A3956D46DE8}") = "Common", "Common", "{D8A99C96-2B68-4127-A60B-EF548F1BB00D}"
EndProject
Project("{FAE04EC0-301F-11D3-BF4B-00C04F79EFBC}") = "Todos.Client.Common", "Client\Todos.Client.Common\Todos.Client.Common.csproj", "{99001AE0-30CD-4DE2-9519-4288F17CFAD2}"
EndProject
Project("{FAE04EC0-301F-11D3-BF4B-00C04F79EFBC}") = "Todos.Client.SignalRClient", "Client\Todos.Client.SignalRClient\Todos.Client.SignalRClient.csproj", "{EBE2D6E9-F06D-43AB-8EE5-D40D3128E3AE}"
EndProject
Project("{FAE04EC0-301F-11D3-BF4B-00C04F79EFBC}") = "ToDos.Repository", "Server\ToDos.Repository\ToDos.Repository.csproj", "{BA65926B-7A8F-4A28-B523-221E0CCEB4CE}"
EndProject
Project("{FAE04EC0-301F-11D3-BF4B-00C04F79EFBC}") = "ToDos.DotNet.Common", "Common\ToDos.DotNet.Common\ToDos.DotNet.Common.csproj", "{B32267F2-545E-4A99-90C4-FBC602FB1C58}"
EndProject
Project("{FAE04EC0-301F-11D3-BF4B-00C04F79EFBC}") = "ToDos.JwtService", "Common\ToDos.JwtService\ToDos.JwtService.csproj", "{C1234567-89AB-CDEF-0123-456789ABCDEF}"
EndProject
Project("{FAE04EC0-301F-11D3-BF4B-00C04F79EFBC}") = "ToDos.TaskSyncServer", "Server\ToDos.TaskSyncServer\ToDos.TaskSyncServer.csproj", "{68F23E49-A8D4-4076-81B2-A5D9853525D3}"
EndProject
Project("{FAE04EC0-301F-11D3-BF4B-00C04F79EFBC}") = "Todos.Client.Orchestrator", "Client\Todos.Client.Orchestrator\Todos.Client.Orchestrator.csproj", "{578DFD9F-9384-4FBC-BBC0-74220A771C02}"
EndProject
Project("{FAE04EC0-301F-11D3-BF4B-00C04F79EFBC}") = "ToDos.Server.Common", "Server\ToDos.Server.Common\ToDos.Server.Common.csproj", "{654C1390-DC89-A959-9159-6AFB6B8CCC94}"
EndProject
Project("{FAE04EC0-301F-11D3-BF4B-00C04F79EFBC}") = "Todos.Client.MockTaskSyncClient", "Client\Todos.Client.MockTaskSyncClient\Todos.Client.MockTaskSyncClient.csproj", "{53A5B795-4F65-41BF-A65F-B98317AD1FA3}"
EndProject
Project("{FAE04EC0-301F-11D3-BF4B-00C04F79EFBC}") = "Todos.UserService", "Client\Todos.Client.UserService\Todos.UserService.csproj", "{FA3E01A5-5FE1-4E96-890A-E6AABCFF15BE}"
EndProject
Project("{FAE04EC0-301F-11D3-BF4B-00C04F79EFBC}") = "Todos.Server.MockTaskService", "Server\Todos.Server.MockTaskService\Todos.Server.MockTaskService.csproj", "{B8C9D2E1-F4A7-4B5C-9E8D-7F1A2B3C4D5E}"
EndProject
Global
	GlobalSection(SolutionConfigurationPlatforms) = preSolution
		Debug|Any CPU = Debug|Any CPU
		Debug|x64 = Debug|x64
		Debug|x86 = Debug|x86
		Release|Any CPU = Release|Any CPU
		Release|x64 = Release|x64
		Release|x86 = Release|x86
	EndGlobalSection
	GlobalSection(ProjectConfigurationPlatforms) = postSolution
		{46D7457B-A7F7-43B8-B932-1724449CE977}.Debug|Any CPU.ActiveCfg = Debug|Any CPU
		{46D7457B-A7F7-43B8-B932-1724449CE977}.Debug|Any CPU.Build.0 = Debug|Any CPU
		{46D7457B-A7F7-43B8-B932-1724449CE977}.Debug|x64.ActiveCfg = Debug|Any CPU
		{46D7457B-A7F7-43B8-B932-1724449CE977}.Debug|x64.Build.0 = Debug|Any CPU
		{46D7457B-A7F7-43B8-B932-1724449CE977}.Debug|x86.ActiveCfg = Debug|Any CPU
		{46D7457B-A7F7-43B8-B932-1724449CE977}.Debug|x86.Build.0 = Debug|Any CPU
		{46D7457B-A7F7-43B8-B932-1724449CE977}.Release|Any CPU.ActiveCfg = Release|Any CPU
		{46D7457B-A7F7-43B8-B932-1724449CE977}.Release|Any CPU.Build.0 = Release|Any CPU
		{46D7457B-A7F7-43B8-B932-1724449CE977}.Release|x64.ActiveCfg = Release|Any CPU
		{46D7457B-A7F7-43B8-B932-1724449CE977}.Release|x64.Build.0 = Release|Any CPU
		{46D7457B-A7F7-43B8-B932-1724449CE977}.Release|x86.ActiveCfg = Release|Any CPU
		{46D7457B-A7F7-43B8-B932-1724449CE977}.Release|x86.Build.0 = Release|Any CPU
		{99001AE0-30CD-4DE2-9519-4288F17CFAD2}.Debug|Any CPU.ActiveCfg = Debug|Any CPU
		{99001AE0-30CD-4DE2-9519-4288F17CFAD2}.Debug|Any CPU.Build.0 = Debug|Any CPU
		{99001AE0-30CD-4DE2-9519-4288F17CFAD2}.Debug|x64.ActiveCfg = Debug|Any CPU
		{99001AE0-30CD-4DE2-9519-4288F17CFAD2}.Debug|x64.Build.0 = Debug|Any CPU
		{99001AE0-30CD-4DE2-9519-4288F17CFAD2}.Debug|x86.ActiveCfg = Debug|Any CPU
		{99001AE0-30CD-4DE2-9519-4288F17CFAD2}.Debug|x86.Build.0 = Debug|Any CPU
		{99001AE0-30CD-4DE2-9519-4288F17CFAD2}.Release|Any CPU.ActiveCfg = Release|Any CPU
		{99001AE0-30CD-4DE2-9519-4288F17CFAD2}.Release|Any CPU.Build.0 = Release|Any CPU
		{99001AE0-30CD-4DE2-9519-4288F17CFAD2}.Release|x64.ActiveCfg = Release|Any CPU
		{99001AE0-30CD-4DE2-9519-4288F17CFAD2}.Release|x64.Build.0 = Release|Any CPU
		{99001AE0-30CD-4DE2-9519-4288F17CFAD2}.Release|x86.ActiveCfg = Release|Any CPU
		{99001AE0-30CD-4DE2-9519-4288F17CFAD2}.Release|x86.Build.0 = Release|Any CPU
		{EBE2D6E9-F06D-43AB-8EE5-D40D3128E3AE}.Debug|Any CPU.ActiveCfg = Debug|Any CPU
		{EBE2D6E9-F06D-43AB-8EE5-D40D3128E3AE}.Debug|Any CPU.Build.0 = Debug|Any CPU
		{EBE2D6E9-F06D-43AB-8EE5-D40D3128E3AE}.Debug|x64.ActiveCfg = Debug|Any CPU
		{EBE2D6E9-F06D-43AB-8EE5-D40D3128E3AE}.Debug|x64.Build.0 = Debug|Any CPU
		{EBE2D6E9-F06D-43AB-8EE5-D40D3128E3AE}.Debug|x86.ActiveCfg = Debug|Any CPU
		{EBE2D6E9-F06D-43AB-8EE5-D40D3128E3AE}.Debug|x86.Build.0 = Debug|Any CPU
		{EBE2D6E9-F06D-43AB-8EE5-D40D3128E3AE}.Release|Any CPU.ActiveCfg = Release|Any CPU
		{EBE2D6E9-F06D-43AB-8EE5-D40D3128E3AE}.Release|Any CPU.Build.0 = Release|Any CPU
		{EBE2D6E9-F06D-43AB-8EE5-D40D3128E3AE}.Release|x64.ActiveCfg = Release|Any CPU
		{EBE2D6E9-F06D-43AB-8EE5-D40D3128E3AE}.Release|x64.Build.0 = Release|Any CPU
		{EBE2D6E9-F06D-43AB-8EE5-D40D3128E3AE}.Release|x86.ActiveCfg = Release|Any CPU
		{EBE2D6E9-F06D-43AB-8EE5-D40D3128E3AE}.Release|x86.Build.0 = Release|Any CPU
		{BA65926B-7A8F-4A28-B523-221E0CCEB4CE}.Debug|Any CPU.ActiveCfg = Debug|Any CPU
		{BA65926B-7A8F-4A28-B523-221E0CCEB4CE}.Debug|Any CPU.Build.0 = Debug|Any CPU
		{BA65926B-7A8F-4A28-B523-221E0CCEB4CE}.Debug|x64.ActiveCfg = Debug|Any CPU
		{BA65926B-7A8F-4A28-B523-221E0CCEB4CE}.Debug|x64.Build.0 = Debug|Any CPU
		{BA65926B-7A8F-4A28-B523-221E0CCEB4CE}.Debug|x86.ActiveCfg = Debug|Any CPU
		{BA65926B-7A8F-4A28-B523-221E0CCEB4CE}.Debug|x86.Build.0 = Debug|Any CPU
		{BA65926B-7A8F-4A28-B523-221E0CCEB4CE}.Release|Any CPU.ActiveCfg = Release|Any CPU
		{BA65926B-7A8F-4A28-B523-221E0CCEB4CE}.Release|Any CPU.Build.0 = Release|Any CPU
		{BA65926B-7A8F-4A28-B523-221E0CCEB4CE}.Release|x64.ActiveCfg = Release|Any CPU
		{BA65926B-7A8F-4A28-B523-221E0CCEB4CE}.Release|x64.Build.0 = Release|Any CPU
		{BA65926B-7A8F-4A28-B523-221E0CCEB4CE}.Release|x86.ActiveCfg = Release|Any CPU
		{BA65926B-7A8F-4A28-B523-221E0CCEB4CE}.Release|x86.Build.0 = Release|Any CPU
		{B32267F2-545E-4A99-90C4-FBC602FB1C58}.Debug|Any CPU.ActiveCfg = Debug|Any CPU
		{B32267F2-545E-4A99-90C4-FBC602FB1C58}.Debug|Any CPU.Build.0 = Debug|Any CPU
		{B32267F2-545E-4A99-90C4-FBC602FB1C58}.Debug|x64.ActiveCfg = Debug|Any CPU
		{B32267F2-545E-4A99-90C4-FBC602FB1C58}.Debug|x64.Build.0 = Debug|Any CPU
		{B32267F2-545E-4A99-90C4-FBC602FB1C58}.Debug|x86.ActiveCfg = Debug|Any CPU
		{B32267F2-545E-4A99-90C4-FBC602FB1C58}.Debug|x86.Build.0 = Debug|Any CPU
		{B32267F2-545E-4A99-90C4-FBC602FB1C58}.Release|Any CPU.ActiveCfg = Release|Any CPU
		{B32267F2-545E-4A99-90C4-FBC602FB1C58}.Release|Any CPU.Build.0 = Release|Any CPU
		{B32267F2-545E-4A99-90C4-FBC602FB1C58}.Release|x64.ActiveCfg = Release|Any CPU
		{B32267F2-545E-4A99-90C4-FBC602FB1C58}.Release|x64.Build.0 = Release|Any CPU
		{B32267F2-545E-4A99-90C4-FBC602FB1C58}.Release|x86.ActiveCfg = Release|Any CPU
		{B32267F2-545E-4A99-90C4-FBC602FB1C58}.Release|x86.Build.0 = Release|Any CPU
		{C1234567-89AB-CDEF-0123-456789ABCDEF}.Debug|Any CPU.ActiveCfg = Debug|Any CPU
		{C1234567-89AB-CDEF-0123-456789ABCDEF}.Debug|Any CPU.Build.0 = Debug|Any CPU
		{C1234567-89AB-CDEF-0123-456789ABCDEF}.Debug|x64.ActiveCfg = Debug|Any CPU
		{C1234567-89AB-CDEF-0123-456789ABCDEF}.Debug|x64.Build.0 = Debug|Any CPU
		{C1234567-89AB-CDEF-0123-456789ABCDEF}.Debug|x86.ActiveCfg = Debug|Any CPU
		{C1234567-89AB-CDEF-0123-456789ABCDEF}.Debug|x86.Build.0 = Debug|Any CPU
		{C1234567-89AB-CDEF-0123-456789ABCDEF}.Release|Any CPU.ActiveCfg = Release|Any CPU
		{C1234567-89AB-CDEF-0123-456789ABCDEF}.Release|Any CPU.Build.0 = Release|Any CPU
		{C1234567-89AB-CDEF-0123-456789ABCDEF}.Release|x64.ActiveCfg = Release|Any CPU
		{C1234567-89AB-CDEF-0123-456789ABCDEF}.Release|x64.Build.0 = Release|Any CPU
		{C1234567-89AB-CDEF-0123-456789ABCDEF}.Release|x86.ActiveCfg = Release|Any CPU
		{C1234567-89AB-CDEF-0123-456789ABCDEF}.Release|x86.Build.0 = Release|Any CPU
		{68F23E49-A8D4-4076-81B2-A5D9853525D3}.Debug|Any CPU.ActiveCfg = Debug|Any CPU
		{68F23E49-A8D4-4076-81B2-A5D9853525D3}.Debug|Any CPU.Build.0 = Debug|Any CPU
		{68F23E49-A8D4-4076-81B2-A5D9853525D3}.Debug|x64.ActiveCfg = Debug|Any CPU
		{68F23E49-A8D4-4076-81B2-A5D9853525D3}.Debug|x64.Build.0 = Debug|Any CPU
		{68F23E49-A8D4-4076-81B2-A5D9853525D3}.Debug|x86.ActiveCfg = Debug|Any CPU
		{68F23E49-A8D4-4076-81B2-A5D9853525D3}.Debug|x86.Build.0 = Debug|Any CPU
		{68F23E49-A8D4-4076-81B2-A5D9853525D3}.Release|Any CPU.ActiveCfg = Release|Any CPU
		{68F23E49-A8D4-4076-81B2-A5D9853525D3}.Release|Any CPU.Build.0 = Release|Any CPU
		{68F23E49-A8D4-4076-81B2-A5D9853525D3}.Release|x64.ActiveCfg = Release|Any CPU
		{68F23E49-A8D4-4076-81B2-A5D9853525D3}.Release|x64.Build.0 = Release|Any CPU
		{68F23E49-A8D4-4076-81B2-A5D9853525D3}.Release|x86.ActiveCfg = Release|Any CPU
		{68F23E49-A8D4-4076-81B2-A5D9853525D3}.Release|x86.Build.0 = Release|Any CPU
		{578DFD9F-9384-4FBC-BBC0-74220A771C02}.Debug|Any CPU.ActiveCfg = Debug|Any CPU
		{578DFD9F-9384-4FBC-BBC0-74220A771C02}.Debug|Any CPU.Build.0 = Debug|Any CPU
		{578DFD9F-9384-4FBC-BBC0-74220A771C02}.Debug|x64.ActiveCfg = Debug|Any CPU
		{578DFD9F-9384-4FBC-BBC0-74220A771C02}.Debug|x64.Build.0 = Debug|Any CPU
		{578DFD9F-9384-4FBC-BBC0-74220A771C02}.Debug|x86.ActiveCfg = Debug|Any CPU
		{578DFD9F-9384-4FBC-BBC0-74220A771C02}.Debug|x86.Build.0 = Debug|Any CPU
		{578DFD9F-9384-4FBC-BBC0-74220A771C02}.Release|Any CPU.ActiveCfg = Release|Any CPU
		{578DFD9F-9384-4FBC-BBC0-74220A771C02}.Release|Any CPU.Build.0 = Release|Any CPU
		{578DFD9F-9384-4FBC-BBC0-74220A771C02}.Release|x64.ActiveCfg = Release|Any CPU
		{578DFD9F-9384-4FBC-BBC0-74220A771C02}.Release|x64.Build.0 = Release|Any CPU
		{578DFD9F-9384-4FBC-BBC0-74220A771C02}.Release|x86.ActiveCfg = Release|Any CPU
		{578DFD9F-9384-4FBC-BBC0-74220A771C02}.Release|x86.Build.0 = Release|Any CPU
		{654C1390-DC89-A959-9159-6AFB6B8CCC94}.Debug|Any CPU.ActiveCfg = Debug|Any CPU
		{654C1390-DC89-A959-9159-6AFB6B8CCC94}.Debug|Any CPU.Build.0 = Debug|Any CPU
		{654C1390-DC89-A959-9159-6AFB6B8CCC94}.Debug|x64.ActiveCfg = Debug|Any CPU
		{654C1390-DC89-A959-9159-6AFB6B8CCC94}.Debug|x64.Build.0 = Debug|Any CPU
		{654C1390-DC89-A959-9159-6AFB6B8CCC94}.Debug|x86.ActiveCfg = Debug|Any CPU
		{654C1390-DC89-A959-9159-6AFB6B8CCC94}.Debug|x86.Build.0 = Debug|Any CPU
		{654C1390-DC89-A959-9159-6AFB6B8CCC94}.Release|Any CPU.ActiveCfg = Release|Any CPU
		{654C1390-DC89-A959-9159-6AFB6B8CCC94}.Release|Any CPU.Build.0 = Release|Any CPU
		{654C1390-DC89-A959-9159-6AFB6B8CCC94}.Release|x64.ActiveCfg = Release|Any CPU
		{654C1390-DC89-A959-9159-6AFB6B8CCC94}.Release|x64.Build.0 = Release|Any CPU
		{654C1390-DC89-A959-9159-6AFB6B8CCC94}.Release|x86.ActiveCfg = Release|Any CPU
		{654C1390-DC89-A959-9159-6AFB6B8CCC94}.Release|x86.Build.0 = Release|Any CPU
		{53A5B795-4F65-41BF-A65F-B98317AD1FA3}.Debug|Any CPU.ActiveCfg = Debug|Any CPU
		{53A5B795-4F65-41BF-A65F-B98317AD1FA3}.Debug|Any CPU.Build.0 = Debug|Any CPU
		{53A5B795-4F65-41BF-A65F-B98317AD1FA3}.Debug|x64.ActiveCfg = Debug|Any CPU
		{53A5B795-4F65-41BF-A65F-B98317AD1FA3}.Debug|x64.Build.0 = Debug|Any CPU
		{53A5B795-4F65-41BF-A65F-B98317AD1FA3}.Debug|x86.ActiveCfg = Debug|Any CPU
		{53A5B795-4F65-41BF-A65F-B98317AD1FA3}.Debug|x86.Build.0 = Debug|Any CPU
		{53A5B795-4F65-41BF-A65F-B98317AD1FA3}.Release|Any CPU.ActiveCfg = Release|Any CPU
		{53A5B795-4F65-41BF-A65F-B98317AD1FA3}.Release|Any CPU.Build.0 = Release|Any CPU
		{53A5B795-4F65-41BF-A65F-B98317AD1FA3}.Release|x64.ActiveCfg = Release|Any CPU
		{53A5B795-4F65-41BF-A65F-B98317AD1FA3}.Release|x64.Build.0 = Release|Any CPU
		{53A5B795-4F65-41BF-A65F-B98317AD1FA3}.Release|x86.ActiveCfg = Release|Any CPU
		{53A5B795-4F65-41BF-A65F-B98317AD1FA3}.Release|x86.Build.0 = Release|Any CPU
		{FA3E01A5-5FE1-4E96-890A-E6AABCFF15BE}.Debug|Any CPU.ActiveCfg = Debug|Any CPU
		{FA3E01A5-5FE1-4E96-890A-E6AABCFF15BE}.Debug|Any CPU.Build.0 = Debug|Any CPU
		{FA3E01A5-5FE1-4E96-890A-E6AABCFF15BE}.Debug|x64.ActiveCfg = Debug|Any CPU
		{FA3E01A5-5FE1-4E96-890A-E6AABCFF15BE}.Debug|x64.Build.0 = Debug|Any CPU
		{FA3E01A5-5FE1-4E96-890A-E6AABCFF15BE}.Debug|x86.ActiveCfg = Debug|Any CPU
		{FA3E01A5-5FE1-4E96-890A-E6AABCFF15BE}.Debug|x86.Build.0 = Debug|Any CPU
		{FA3E01A5-5FE1-4E96-890A-E6AABCFF15BE}.Release|Any CPU.ActiveCfg = Release|Any CPU
		{FA3E01A5-5FE1-4E96-890A-E6AABCFF15BE}.Release|Any CPU.Build.0 = Release|Any CPU
		{FA3E01A5-5FE1-4E96-890A-E6AABCFF15BE}.Release|x64.ActiveCfg = Release|Any CPU
		{FA3E01A5-5FE1-4E96-890A-E6AABCFF15BE}.Release|x64.Build.0 = Release|Any CPU
		{FA3E01A5-5FE1-4E96-890A-E6AABCFF15BE}.Release|x86.ActiveCfg = Release|Any CPU
		{FA3E01A5-5FE1-4E96-890A-E6AABCFF15BE}.Release|x86.Build.0 = Release|Any CPU
		{B8C9D2E1-F4A7-4B5C-9E8D-7F1A2B3C4D5E}.Debug|Any CPU.ActiveCfg = Debug|Any CPU
		{B8C9D2E1-F4A7-4B5C-9E8D-7F1A2B3C4D5E}.Debug|Any CPU.Build.0 = Debug|Any CPU
		{B8C9D2E1-F4A7-4B5C-9E8D-7F1A2B3C4D5E}.Debug|x64.ActiveCfg = Debug|Any CPU
		{B8C9D2E1-F4A7-4B5C-9E8D-7F1A2B3C4D5E}.Debug|x64.Build.0 = Debug|Any CPU
		{B8C9D2E1-F4A7-4B5C-9E8D-7F1A2B3C4D5E}.Debug|x86.ActiveCfg = Debug|Any CPU
		{B8C9D2E1-F4A7-4B5C-9E8D-7F1A2B3C4D5E}.Debug|x86.Build.0 = Debug|Any CPU
		{B8C9D2E1-F4A7-4B5C-9E8D-7F1A2B3C4D5E}.Release|Any CPU.ActiveCfg = Release|Any CPU
		{B8C9D2E1-F4A7-4B5C-9E8D-7F1A2B3C4D5E}.Release|Any CPU.Build.0 = Release|Any CPU
		{B8C9D2E1-F4A7-4B5C-9E8D-7F1A2B3C4D5E}.Release|x64.ActiveCfg = Release|Any CPU
		{B8C9D2E1-F4A7-4B5C-9E8D-7F1A2B3C4D5E}.Release|x64.Build.0 = Release|Any CPU
		{B8C9D2E1-F4A7-4B5C-9E8D-7F1A2B3C4D5E}.Release|x86.ActiveCfg = Release|Any CPU
		{B8C9D2E1-F4A7-4B5C-9E8D-7F1A2B3C4D5E}.Release|x86.Build.0 = Release|Any CPU
	EndGlobalSection
	GlobalSection(SolutionProperties) = preSolution
		HideSolutionNode = FALSE
	EndGlobalSection
	GlobalSection(NestedProjects) = preSolution
		{46D7457B-A7F7-43B8-B932-1724449CE977} = {20D01410-5222-402E-A016-99C43F7FFAD3}
		{99001AE0-30CD-4DE2-9519-4288F17CFAD2} = {20D01410-5222-402E-A016-99C43F7FFAD3}
		{EBE2D6E9-F06D-43AB-8EE5-D40D3128E3AE} = {20D01410-5222-402E-A016-99C43F7FFAD3}
		{BA65926B-7A8F-4A28-B523-221E0CCEB4CE} = {02EA681E-C7D8-13C7-8484-4AC65E1B71E8}
		{B32267F2-545E-4A99-90C4-FBC602FB1C58} = {D8A99C96-2B68-4127-A60B-EF548F1BB00D}
		{C1234567-89AB-CDEF-0123-456789ABCDEF} = {D8A99C96-2B68-4127-A60B-EF548F1BB00D}
		{68F23E49-A8D4-4076-81B2-A5D9853525D3} = {02EA681E-C7D8-13C7-8484-4AC65E1B71E8}
		{578DFD9F-9384-4FBC-BBC0-74220A771C02} = {20D01410-5222-402E-A016-99C43F7FFAD3}
		{654C1390-DC89-A959-9159-6AFB6B8CCC94} = {02EA681E-C7D8-13C7-8484-4AC65E1B71E8}
		{53A5B795-4F65-41BF-A65F-B98317AD1FA3} = {20D01410-5222-402E-A016-99C43F7FFAD3}
		{FA3E01A5-5FE1-4E96-890A-E6AABCFF15BE} = {D8A99C96-2B68-4127-A60B-EF548F1BB00D}
		{B8C9D2E1-F4A7-4B5C-9E8D-7F1A2B3C4D5E} = {02EA681E-C7D8-13C7-8484-4AC65E1B71E8}
	EndGlobalSection
	GlobalSection(ExtensibilityGlobals) = postSolution
		SolutionGuid = {18CAB5A8-F3C0-4162-B968-49435E091621}
	EndGlobalSection
EndGlobal
